<?xml version="1.0" encoding="utf-8"?>
<Project ToolsVersion="4.0" xmlns="http://schemas.microsoft.com/developer/msbuild/2003">
  <ItemGroup>
    <Filter Include="Main">
      <UniqueIdentifier>{c21e1d9d-7fce-430c-8cf8-3d3bb9fe0cc8}</UniqueIdentifier>
    </Filter>
    <Filter Include="Client">
      <UniqueIdentifier>{c0e4b9aa-b756-4ce9-8731-7f5db45e109e}</UniqueIdentifier>
    </Filter>
    <Filter Include="DB">
      <UniqueIdentifier>{ad8e42cc-3bab-49f3-95d0-afe686baae47}</UniqueIdentifier>
    </Filter>
    <Filter Include="Packet">
      <UniqueIdentifier>{84459225-0396-49f4-8cac-f71a967c6023}</UniqueIdentifier>
    </Filter>
    <Filter Include="Packet\proto">
      <UniqueIdentifier>{f5afaee3-7be6-4096-ad5d-1c56b0c8143a}</UniqueIdentifier>
    </Filter>
    <Filter Include="DB\GameDB">
      <UniqueIdentifier>{63dd7490-b60e-48a2-a0de-0a3ab4ac5f81}</UniqueIdentifier>
    </Filter>
    <Filter Include="Contents">
      <UniqueIdentifier>{e83a4ce7-5ec9-45e0-aec4-bb6cd2235b0b}</UniqueIdentifier>
    </Filter>
  </ItemGroup>
  <ItemGroup>
    <ClCompile Include="Main.cpp">
      <Filter>Main</Filter>
    </ClCompile>
    <ClCompile Include="pch.cpp">
      <Filter>Main</Filter>
    </ClCompile>
    <ClCompile Include="ClientPacketHandler.cpp">
      <Filter>Client</Filter>
    </ClCompile>
    <ClCompile Include="ClientSession.cpp">
      <Filter>Client</Filter>
    </ClCompile>
    <ClCompile Include="ClientSessionManager.cpp">
      <Filter>Client</Filter>
    </ClCompile>
    <ClCompile Include="Struct.pb.cc">
      <Filter>Packet\proto</Filter>
    </ClCompile>
    <ClCompile Include="Protocol.pb.cc">
      <Filter>Packet\proto</Filter>
    </ClCompile>
    <ClCompile Include="Enum.pb.cc">
      <Filter>Packet\proto</Filter>
    </ClCompile>
    <ClCompile Include="GameDBHandler.cpp">
      <Filter>DB\GameDB</Filter>
    </ClCompile>
    <ClCompile Include="GameDBLoadBalancer.cpp">
      <Filter>DB\GameDB</Filter>
    </ClCompile>
    <ClCompile Include="Zone.cpp">
      <Filter>Contents</Filter>
    </ClCompile>
    <ClCompile Include="ZoneManager.cpp">
      <Filter>Contents</Filter>
    </ClCompile>
    <ClCompile Include="GameServer.cpp">
      <Filter>Main</Filter>
    </ClCompile>
  </ItemGroup>
  <ItemGroup>
    <ClInclude Include="pch.h">
      <Filter>Main</Filter>
    </ClInclude>
    <ClInclude Include="ClientSession.h">
      <Filter>Client</Filter>
    </ClInclude>
    <ClInclude Include="ClientPacketHandler.h">
      <Filter>Client</Filter>
    </ClInclude>
    <ClInclude Include="ClientSessionManager.h">
      <Filter>Client</Filter>
    </ClInclude>
    <ClInclude Include="Struct.pb.h">
      <Filter>Packet\proto</Filter>
    </ClInclude>
    <ClInclude Include="Protocol.pb.h">
      <Filter>Packet\proto</Filter>
    </ClInclude>
    <ClInclude Include="Enum.pb.h">
      <Filter>Packet\proto</Filter>
    </ClInclude>
    <ClInclude Include="GameDBHandler.h">
      <Filter>DB\GameDB</Filter>
    </ClInclude>
    <ClInclude Include="GameDBLoadBalancer.h">
      <Filter>DB\GameDB</Filter>
    </ClInclude>
    <ClInclude Include="GameDBData.h">
      <Filter>DB\GameDB</Filter>
    </ClInclude>
    <ClInclude Include="Zone.h">
      <Filter>Contents</Filter>
    </ClInclude>
    <ClInclude Include="ZoneManager.h">
      <Filter>Contents</Filter>
    </ClInclude>
    <ClInclude Include="GameServer.h">
      <Filter>Main</Filter>
    </ClInclude>
  </ItemGroup>
  <ItemGroup>
    <None Include="Struct.proto">
      <Filter>Packet</Filter>
    </None>
    <None Include="Enum.proto">
      <Filter>Packet</Filter>
    </None>
    <None Include="ParseProto.bat">
      <Filter>Packet</Filter>
    </None>
    <None Include="Protocol.proto">
      <Filter>Packet</Filter>
    </None>
  </ItemGroup>
</Project>