<?xml version="1.0" encoding="utf-8"?>
<Project ToolsVersion="4.0" xmlns="http://schemas.microsoft.com/developer/msbuild/2003">
  <ItemGroup>
    <Filter Include="Protobuf">
      <UniqueIdentifier>{7f9c1999-19b1-481a-b12e-ab5493e46987}</UniqueIdentifier>
    </Filter>
    <Filter Include="Utils">
      <UniqueIdentifier>{a85332b7-f813-41db-a1ae-5dec4dace03b}</UniqueIdentifier>
    </Filter>
    <Filter Include="Protobuf\Result">
      <UniqueIdentifier>{2864e4d9-2c23-4627-a88d-73f15549ff4d}</UniqueIdentifier>
    </Filter>
    <Filter Include="Protobuf\Proto">
      <UniqueIdentifier>{5fac62fe-77fd-4fb5-a5b1-a7c4e88ef2a2}</UniqueIdentifier>
    </Filter>
  </ItemGroup>
  <ItemGroup>
    <None Include="Protobuf\bin\Enum.proto">
      <Filter>Protobuf\Proto</Filter>
    </None>
    <None Include="Protobuf\bin\Protocol.proto">
      <Filter>Protobuf\Proto</Filter>
    </None>
    <None Include="Protobuf\bin\Struct.proto">
      <Filter>Protobuf\Proto</Filter>
    </None>
    <None Include="Protobuf\bin\ParseProto.bat" />
  </ItemGroup>
  <ItemGroup>
    <ClInclude Include="pch.h">
      <Filter>Utils</Filter>
    </ClInclude>
    <ClInclude Include="Protobuf\bin\Enum.pb.h">
      <Filter>Protobuf\Result</Filter>
    </ClInclude>
    <ClInclude Include="Protobuf\bin\Protocol.pb.h">
      <Filter>Protobuf\Result</Filter>
    </ClInclude>
    <ClInclude Include="Protobuf\bin\Struct.pb.h">
      <Filter>Protobuf\Result</Filter>
    </ClInclude>
    <ClInclude Include="CommonPch.h">
      <Filter>Utils</Filter>
    </ClInclude>
  </ItemGroup>
  <ItemGroup>
    <ClCompile Include="pch.cpp">
      <Filter>Utils</Filter>
    </ClCompile>
    <ClCompile Include="Protobuf\bin\Enum.pb.cc">
      <Filter>Protobuf\Result</Filter>
    </ClCompile>
    <ClCompile Include="Protobuf\bin\Protocol.pb.cc">
      <Filter>Protobuf\Result</Filter>
    </ClCompile>
    <ClCompile Include="Protobuf\bin\Struct.pb.cc">
      <Filter>Protobuf\Result</Filter>
    </ClCompile>
  </ItemGroup>
</Project>